
Microsoft Visual Studio Solution File, Format Version 12.00
# Visual Studio Version 16
VisualStudioVersion = 16.0.31624.102
MinimumVisualStudioVersion = 10.0.40219.1
Project("{9A19103F-16F7-4668-BE54-9A1E7A4F7556}") = "Tests", "Tests\Tests.csproj", "{6542C8A3-D4A0-44FE-A726-7123DF22269A}"
EndProject
Project("{9A19103F-16F7-4668-BE54-9A1E7A4F7556}") = "PageObjectModel", "PageObjectModel\PageObjectModel.csproj", "{901E6784-8183-4FFB-936D-40A00B4306C4}"
EndProject
Global
	GlobalSection(SolutionConfigurationPlatforms) = preSolution
		Debug|Any CPU = Debug|Any CPU
		Release|Any CPU = Release|Any CPU
	EndGlobalSection
	GlobalSection(ProjectConfigurationPlatforms) = postSolution
		{6542C8A3-D4A0-44FE-A726-7123DF22269A}.Debug|Any CPU.ActiveCfg = Debug|Any CPU
		{6542C8A3-D4A0-44FE-A726-7123DF22269A}.Debug|Any CPU.Build.0 = Debug|Any CPU
		{6542C8A3-D4A0-44FE-A726-7123DF22269A}.Release|Any CPU.ActiveCfg = Release|Any CPU
		{6542C8A3-D4A0-44FE-A726-7123DF22269A}.Release|Any CPU.Build.0 = Release|Any CPU
		{901E6784-8183-4FFB-936D-40A00B4306C4}.Debug|Any CPU.ActiveCfg = Debug|Any CPU
		{901E6784-8183-4FFB-936D-40A00B4306C4}.Debug|Any CPU.Build.0 = Debug|Any CPU
		{901E6784-8183-4FFB-936D-40A00B4306C4}.Release|Any CPU.ActiveCfg = Release|Any CPU
		{901E6784-8183-4FFB-936D-40A00B4306C4}.Release|Any CPU.Build.0 = Release|Any CPU
	EndGlobalSection
	GlobalSection(SolutionProperties) = preSolution
		HideSolutionNode = FALSE
	EndGlobalSection
	GlobalSection(ExtensibilityGlobals) = postSolution
		SolutionGuid = {A5EEA476-E701-4ADD-B6CC-828124BDE1F5}
	EndGlobalSection
EndGlobal
